{
  "name": "nova-agent-loop",
  "version": "0.1.0",
  "lockfileVersion": 3,
  "requires": true,
  "packages": {
    "": {
      "name": "nova-agent-loop",
      "version": "0.1.0",
      "devDependencies": {
        "@boundaryml/baml": "^0.50.0"
      }
    },
    "node_modules/@boundaryml/baml": {
      "version": "0.50.0",
      "resolved": "https://registry.npmjs.org/@boundaryml/baml/-/baml-0.50.0.tgz",
      "integrity": "sha512-0E9Ff51Udy9eeCbPnLzRLJtyh3xC7Sq3k/owcjaJa8mWoPXhK+e6wgEjrlTNfPJlats7CvhefjQW1jFLe2UUYQ==",
      "dev": true,
      "license": "MIT",
      "bin": {
        "baml-cli": "cli.js"
      },
      "engines": {
        "node": ">= 10"
      },
      "optionalDependencies": {
        "@boundaryml/baml-darwin-arm64": "0.50.0",
        "@boundaryml/baml-darwin-x64": "0.50.0",
        "@boundaryml/baml-linux-arm64-gnu": "0.50.0",
        "@boundaryml/baml-linux-x64-gnu": "0.50.0",
        "@boundaryml/baml-win32-arm64-msvc": "0.50.0",
        "@boundaryml/baml-win32-x64-msvc": "0.50.0"
      }
    },
    "node_modules/@boundaryml/baml-darwin-arm64": {
      "version": "0.50.0",
      "resolved": "https://registry.npmjs.org/@boundaryml/baml-darwin-arm64/-/baml-darwin-arm64-0.50.0.tgz",
      "integrity": "sha512-sOUqTRe0xScyi1DbIsiWUskE5mTOiLXhILFu078R03ttzq4LpqmKKasyN+pjsl97wDDVuFAFU5TZIB4mDtvbCg==",
      "cpu": [
        "arm64"
      ],
      "dev": true,
      "license": "MIT",
      "optional": true,
      "os": [
        "darwin"
      ],
      "engines": {
        "node": ">= 10"
      }
    },
    "node_modules/@boundaryml/baml-linux-arm64-gnu": {
      "version": "0.50.0",
      "resolved": "https://registry.npmjs.org/@boundaryml/baml-linux-arm64-gnu/-/baml-linux-arm64-gnu-0.50.0.tgz",
      "integrity": "sha512-Oahev5LUMOd+3V1r1e3MHlrtD4RR89HlWb7sBugJJlhGlAE1CmA81vhpR1Pq2AGf9K4cwDErqJvHwUdxLVsdrQ==",
      "cpu": [
        "arm64"
      ],
      "dev": true,
      "license": "MIT",
      "optional": true,
      "os": [
        "linux"
      ],
      "engines": {
        "node": ">= 10"
      }
    },
    "node_modules/@boundaryml/baml-linux-x64-gnu": {
      "version": "0.50.0",
      "resolved": "https://registry.npmjs.org/@boundaryml/baml-linux-x64-gnu/-/baml-linux-x64-gnu-0.50.0.tgz",
      "integrity": "sha512-DVwuhnfMq6ZsV3He+dS2NRlYydhVHPKZZP1mYg1qIN3zUdt94qikLVrxXlyLXlEzPp24JrYycb/DC8vJZa8Ryg==",
      "cpu": [
        "x64"
      ],
      "dev": true,
      "license": "MIT",
      "optional": true,
      "os": [
        "linux"
      ],
      "engines": {
        "node": ">= 10"
      }
    },
    "node_modules/@boundaryml/baml-win32-x64-msvc": {
      "version": "0.50.0",
      "resolved": "https://registry.npmjs.org/@boundaryml/baml-win32-x64-msvc/-/baml-win32-x64-msvc-0.50.0.tgz",
      "integrity": "sha512-o+FsLcGomY2RC36yUJUsiAs1rfURse7uS+3dcpq+gnoNJk+c1iRCN5yAhc2TyHIzSP8ggm5lTblKEDzSIcK7Aw==",
      "cpu": [
        "x64"
      ],
      "dev": true,
      "license": "MIT",
      "optional": true,
      "os": [
        "win32"
      ],
      "engines": {
        "node": ">= 10"
      }
    }
  }
}
